{
  "nodes": {
    "flake-utils": {
      "locked": {
        "lastModified": 1676283394,
        "narHash": "sha256-XX2f9c3iySLCw54rJ/CZs+ZK6IQy7GXNY4nSOyu2QG4=",
        "owner": "numtide",
        "repo": "flake-utils",
        "rev": "3db36a8b464d0c4532ba1c7dda728f4576d6d073",
        "type": "github"
      },
      "original": {
        "owner": "numtide",
        "repo": "flake-utils",
        "type": "github"
      }
    },
    "flake-utils_2": {
      "locked": {
        "lastModified": 1676283394,
        "narHash": "sha256-XX2f9c3iySLCw54rJ/CZs+ZK6IQy7GXNY4nSOyu2QG4=",
        "owner": "numtide",
        "repo": "flake-utils",
        "rev": "3db36a8b464d0c4532ba1c7dda728f4576d6d073",
        "type": "github"
      },
      "original": {
        "owner": "numtide",
        "repo": "flake-utils",
        "type": "github"
      }
    },
    "ghc-wasm-meta": {
      "inputs": {
        "flake-utils": "flake-utils_2",
        "nixpkgs": "nixpkgs"
      },
      "locked": {
        "lastModified": 1677859783,
        "narHash": "sha256-IzvWldehhS1ZMKDHrdB7Qs+ChTWBxaMRvHHkLVfdK9A=",
        "ref": "refs/heads/master",
        "rev": "5a192920b12bd9709ddf2f08e1f64073f5895a37",
        "revCount": 71,
        "type": "git",
        "url": "https://gitlab.haskell.org/ghc/ghc-wasm-meta"
      },
      "original": {
        "type": "git",
        "url": "https://gitlab.haskell.org/ghc/ghc-wasm-meta"
      }
    },
    "nixpkgs": {
      "locked": {
        "lastModified": 1676426280,
        "narHash": "sha256-7DltKPrvCP0A9Iemv2ts1vnBYn5xQKScK/sb1VALlao=",
        "owner": "nixos",
        "repo": "nixpkgs",
        "rev": "6d33e5e14fd12f99ba621683ae90cebadda753ca",
        "type": "github"
      },
      "original": {
        "owner": "nixos",
        "ref": "nixpkgs-unstable",
        "repo": "nixpkgs",
        "type": "github"
      }
    },
    "nixpkgs_2": {
      "locked": {
        "lastModified": 1678403296,
        "narHash": "sha256-JjvyoZgBKjHhRNV36zU/KoJJIXYLIeGwvfW4484nhyc=",
        "owner": "NixOS",
        "repo": "nixpkgs",
        "rev": "ca09312f31444bbcea249a7a2230036a39325acb",
        "type": "github"
      },
      "original": {
        "owner": "NixOS",
        "ref": "master",
        "repo": "nixpkgs",
        "type": "github"
      }
    },
    "root": {
      "inputs": {
        "flake-utils": "flake-utils",
        "ghc-wasm-meta": "ghc-wasm-meta",
        "nixpkgs": "nixpkgs_2"
      }
    }
  },
  "root": "root",
  "version": 7
}
